
Microsoft Visual Studio Solution File, Format Version 12.00
# Visual Studio Version 17
VisualStudioVersion = 17.5.002.0
MinimumVisualStudioVersion = 10.0.40219.1
Project("{2150E333-8FDC-42A3-9474-1A3956D46DE8}") = "csharp-prep", "csharp-prep", "{B0DFF5B5-3DAF-46F1-84B6-856462F9494E}"
EndProject
Project("{9A19103F-16F7-4668-BE54-9A1E7A4F7556}") = "Prep1", "csharp-prep\Prep1\Prep1.csproj", "{DBC4C710-8E0C-4784-A2B1-B39A79672FEA}"
EndProject
Project("{9A19103F-16F7-4668-BE54-9A1E7A4F7556}") = "Prep2", "csharp-prep\Prep2\Prep2.csproj", "{44A2B440-727A-4885-A34B-CB42AD8BE739}"
EndProject
Project("{9A19103F-16F7-4668-BE54-9A1E7A4F7556}") = "Prep3", "csharp-prep\Prep3\Prep3.csproj", "{5114619F-397F-416B-8C65-1A62D4C9ADF6}"
EndProject
Project("{9A19103F-16F7-4668-BE54-9A1E7A4F7556}") = "Prep4", "csharp-prep\Prep4\Prep4.csproj", "{8DBE7D97-01BB-4988-BD6C-F2E4D4ADF814}"
EndProject
Project("{9A19103F-16F7-4668-BE54-9A1E7A4F7556}") = "Prep5", "csharp-prep\Prep5\Prep5.csproj", "{B7B3CAF3-6A0D-47F1-BCE9-A3885BEAA7D3}"
EndProject
Project("{2150E333-8FDC-42A3-9474-1A3956D46DE8}") = "final", "final", "{124C1CCD-AADC-4046-9177-04F03DAB1003}"
EndProject
Project("{9A19103F-16F7-4668-BE54-9A1E7A4F7556}") = "FinalProject", "final\FinalProject\FinalProject.csproj", "{E92FB79C-D94F-411A-967D-D1B80706E0B3}"
EndProject
Project("{9A19103F-16F7-4668-BE54-9A1E7A4F7556}") = "Foundation1", "final\Foundation1\Foundation1.csproj", "{E5BF34F1-1A48-45D1-B06E-131DF5D8106F}"
EndProject
Project("{9A19103F-16F7-4668-BE54-9A1E7A4F7556}") = "Foundation2", "final\Foundation2\Foundation2.csproj", "{AA56BB00-E541-4003-978E-CBAC8D4C6326}"
EndProject
Project("{9A19103F-16F7-4668-BE54-9A1E7A4F7556}") = "Foundation3", "final\Foundation3\Foundation3.csproj", "{60BD1AA5-1E7B-4D1F-A581-DC94E1D5B8C5}"
EndProject
Project("{9A19103F-16F7-4668-BE54-9A1E7A4F7556}") = "Foundation4", "final\Foundation4\Foundation4.csproj", "{8967A730-8093-4897-9AE3-D7ECC05C541D}"
EndProject
Project("{2150E333-8FDC-42A3-9474-1A3956D46DE8}") = "prepare", "prepare", "{E9988974-1052-4FD4-A152-E4BCD34DFE3B}"
EndProject
Project("{9A19103F-16F7-4668-BE54-9A1E7A4F7556}") = "Learning02", "prepare\Learning02\Learning02.csproj", "{2D635F31-AA14-47C9-8FBE-7BC187CB9DDF}"
EndProject
Project("{9A19103F-16F7-4668-BE54-9A1E7A4F7556}") = "Learning03", "prepare\Learning03\Learning03.csproj", "{1DA1B0EA-5103-418E-8807-4FCB31579489}"
EndProject
Project("{9A19103F-16F7-4668-BE54-9A1E7A4F7556}") = "Learning04", "prepare\Learning04\Learning04.csproj", "{66CE09F9-608E-4B09-981B-D34EBA4AB9DB}"
EndProject
Project("{9A19103F-16F7-4668-BE54-9A1E7A4F7556}") = "Learning05", "prepare\Learning05\Learning05.csproj", "{36D63435-8CD0-4739-B075-31BB6B0C8D28}"
EndProject
Project("{2150E333-8FDC-42A3-9474-1A3956D46DE8}") = "prove", "prove", "{38331D39-6F3B-4C59-8523-10161A96066C}"
EndProject
Project("{9A19103F-16F7-4668-BE54-9A1E7A4F7556}") = "Develop02", "prove\Develop02\Develop02.csproj", "{EAD255F1-5493-4B3C-A3AB-8CE44BC51316}"
EndProject
Project("{9A19103F-16F7-4668-BE54-9A1E7A4F7556}") = "Develop03", "prove\Develop03\Develop03.csproj", "{6C51A570-E740-427E-BFCD-271488EB36A4}"
EndProject
Project("{9A19103F-16F7-4668-BE54-9A1E7A4F7556}") = "Develop04", "prove\Develop04\Develop04.csproj", "{9315132E-F000-41DF-8EA4-4A38F6F0B634}"
EndProject
Project("{9A19103F-16F7-4668-BE54-9A1E7A4F7556}") = "Develop05", "prove\Develop05\Develop05.csproj", "{C3E666DF-40B1-4354-9A91-9FD60B3E4CBA}"
EndProject
Project("{2150E333-8FDC-42A3-9474-1A3956D46DE8}") = "sandbox", "sandbox", "{F419264E-1367-419B-A256-020FBF3CA4AF}"
EndProject
Project("{9A19103F-16F7-4668-BE54-9A1E7A4F7556}") = "Sandbox", "sandbox\Sandbox\Sandbox.csproj", "{BD28F6D2-A960-4BC2-A8B9-D9AABDAA5E9A}"
EndProject
Global
	GlobalSection(SolutionConfigurationPlatforms) = preSolution
		Debug|Any CPU = Debug|Any CPU
		Release|Any CPU = Release|Any CPU
	EndGlobalSection
	GlobalSection(ProjectConfigurationPlatforms) = postSolution
		{DBC4C710-8E0C-4784-A2B1-B39A79672FEA}.Debug|Any CPU.ActiveCfg = Debug|Any CPU
		{DBC4C710-8E0C-4784-A2B1-B39A79672FEA}.Debug|Any CPU.Build.0 = Debug|Any CPU
		{DBC4C710-8E0C-4784-A2B1-B39A79672FEA}.Release|Any CPU.ActiveCfg = Release|Any CPU
		{DBC4C710-8E0C-4784-A2B1-B39A79672FEA}.Release|Any CPU.Build.0 = Release|Any CPU
		{44A2B440-727A-4885-A34B-CB42AD8BE739}.Debug|Any CPU.ActiveCfg = Debug|Any CPU
		{44A2B440-727A-4885-A34B-CB42AD8BE739}.Debug|Any CPU.Build.0 = Debug|Any CPU
		{44A2B440-727A-4885-A34B-CB42AD8BE739}.Release|Any CPU.ActiveCfg = Release|Any CPU
		{44A2B440-727A-4885-A34B-CB42AD8BE739}.Release|Any CPU.Build.0 = Release|Any CPU
		{5114619F-397F-416B-8C65-1A62D4C9ADF6}.Debug|Any CPU.ActiveCfg = Debug|Any CPU
		{5114619F-397F-416B-8C65-1A62D4C9ADF6}.Debug|Any CPU.Build.0 = Debug|Any CPU
		{5114619F-397F-416B-8C65-1A62D4C9ADF6}.Release|Any CPU.ActiveCfg = Release|Any CPU
		{5114619F-397F-416B-8C65-1A62D4C9ADF6}.Release|Any CPU.Build.0 = Release|Any CPU
		{8DBE7D97-01BB-4988-BD6C-F2E4D4ADF814}.Debug|Any CPU.ActiveCfg = Debug|Any CPU
		{8DBE7D97-01BB-4988-BD6C-F2E4D4ADF814}.Debug|Any CPU.Build.0 = Debug|Any CPU
		{8DBE7D97-01BB-4988-BD6C-F2E4D4ADF814}.Release|Any CPU.ActiveCfg = Release|Any CPU
		{8DBE7D97-01BB-4988-BD6C-F2E4D4ADF814}.Release|Any CPU.Build.0 = Release|Any CPU
		{B7B3CAF3-6A0D-47F1-BCE9-A3885BEAA7D3}.Debug|Any CPU.ActiveCfg = Debug|Any CPU
		{B7B3CAF3-6A0D-47F1-BCE9-A3885BEAA7D3}.Debug|Any CPU.Build.0 = Debug|Any CPU
		{B7B3CAF3-6A0D-47F1-BCE9-A3885BEAA7D3}.Release|Any CPU.ActiveCfg = Release|Any CPU
		{B7B3CAF3-6A0D-47F1-BCE9-A3885BEAA7D3}.Release|Any CPU.Build.0 = Release|Any CPU
		{E92FB79C-D94F-411A-967D-D1B80706E0B3}.Debug|Any CPU.ActiveCfg = Debug|Any CPU
		{E92FB79C-D94F-411A-967D-D1B80706E0B3}.Debug|Any CPU.Build.0 = Debug|Any CPU
		{E92FB79C-D94F-411A-967D-D1B80706E0B3}.Release|Any CPU.ActiveCfg = Release|Any CPU
		{E92FB79C-D94F-411A-967D-D1B80706E0B3}.Release|Any CPU.Build.0 = Release|Any CPU
		{E5BF34F1-1A48-45D1-B06E-131DF5D8106F}.Debug|Any CPU.ActiveCfg = Debug|Any CPU
		{E5BF34F1-1A48-45D1-B06E-131DF5D8106F}.Debug|Any CPU.Build.0 = Debug|Any CPU
		{E5BF34F1-1A48-45D1-B06E-131DF5D8106F}.Release|Any CPU.ActiveCfg = Release|Any CPU
		{E5BF34F1-1A48-45D1-B06E-131DF5D8106F}.Release|Any CPU.Build.0 = Release|Any CPU
		{AA56BB00-E541-4003-978E-CBAC8D4C6326}.Debug|Any CPU.ActiveCfg = Debug|Any CPU
		{AA56BB00-E541-4003-978E-CBAC8D4C6326}.Debug|Any CPU.Build.0 = Debug|Any CPU
		{AA56BB00-E541-4003-978E-CBAC8D4C6326}.Release|Any CPU.ActiveCfg = Release|Any CPU
		{AA56BB00-E541-4003-978E-CBAC8D4C6326}.Release|Any CPU.Build.0 = Release|Any CPU
		{60BD1AA5-1E7B-4D1F-A581-DC94E1D5B8C5}.Debug|Any CPU.ActiveCfg = Debug|Any CPU
		{60BD1AA5-1E7B-4D1F-A581-DC94E1D5B8C5}.Debug|Any CPU.Build.0 = Debug|Any CPU
		{60BD1AA5-1E7B-4D1F-A581-DC94E1D5B8C5}.Release|Any CPU.ActiveCfg = Release|Any CPU
		{60BD1AA5-1E7B-4D1F-A581-DC94E1D5B8C5}.Release|Any CPU.Build.0 = Release|Any CPU
		{8967A730-8093-4897-9AE3-D7ECC05C541D}.Debug|Any CPU.ActiveCfg = Debug|Any CPU
		{8967A730-8093-4897-9AE3-D7ECC05C541D}.Debug|Any CPU.Build.0 = Debug|Any CPU
		{8967A730-8093-4897-9AE3-D7ECC05C541D}.Release|Any CPU.ActiveCfg = Release|Any CPU
		{8967A730-8093-4897-9AE3-D7ECC05C541D}.Release|Any CPU.Build.0 = Release|Any CPU
		{2D635F31-AA14-47C9-8FBE-7BC187CB9DDF}.Debug|Any CPU.ActiveCfg = Debug|Any CPU
		{2D635F31-AA14-47C9-8FBE-7BC187CB9DDF}.Debug|Any CPU.Build.0 = Debug|Any CPU
		{2D635F31-AA14-47C9-8FBE-7BC187CB9DDF}.Release|Any CPU.ActiveCfg = Release|Any CPU
		{2D635F31-AA14-47C9-8FBE-7BC187CB9DDF}.Release|Any CPU.Build.0 = Release|Any CPU
		{1DA1B0EA-5103-418E-8807-4FCB31579489}.Debug|Any CPU.ActiveCfg = Debug|Any CPU
		{1DA1B0EA-5103-418E-8807-4FCB31579489}.Debug|Any CPU.Build.0 = Debug|Any CPU
		{1DA1B0EA-5103-418E-8807-4FCB31579489}.Release|Any CPU.ActiveCfg = Release|Any CPU
		{1DA1B0EA-5103-418E-8807-4FCB31579489}.Release|Any CPU.Build.0 = Release|Any CPU
		{66CE09F9-608E-4B09-981B-D34EBA4AB9DB}.Debug|Any CPU.ActiveCfg = Debug|Any CPU
		{66CE09F9-608E-4B09-981B-D34EBA4AB9DB}.Debug|Any CPU.Build.0 = Debug|Any CPU
		{66CE09F9-608E-4B09-981B-D34EBA4AB9DB}.Release|Any CPU.ActiveCfg = Release|Any CPU
		{66CE09F9-608E-4B09-981B-D34EBA4AB9DB}.Release|Any CPU.Build.0 = Release|Any CPU
		{36D63435-8CD0-4739-B075-31BB6B0C8D28}.Debug|Any CPU.ActiveCfg = Debug|Any CPU
		{36D63435-8CD0-4739-B075-31BB6B0C8D28}.Debug|Any CPU.Build.0 = Debug|Any CPU
		{36D63435-8CD0-4739-B075-31BB6B0C8D28}.Release|Any CPU.ActiveCfg = Release|Any CPU
		{36D63435-8CD0-4739-B075-31BB6B0C8D28}.Release|Any CPU.Build.0 = Release|Any CPU
		{EAD255F1-5493-4B3C-A3AB-8CE44BC51316}.Debug|Any CPU.ActiveCfg = Debug|Any CPU
		{EAD255F1-5493-4B3C-A3AB-8CE44BC51316}.Debug|Any CPU.Build.0 = Debug|Any CPU
		{EAD255F1-5493-4B3C-A3AB-8CE44BC51316}.Release|Any CPU.ActiveCfg = Release|Any CPU
		{EAD255F1-5493-4B3C-A3AB-8CE44BC51316}.Release|Any CPU.Build.0 = Release|Any CPU
		{6C51A570-E740-427E-BFCD-271488EB36A4}.Debug|Any CPU.ActiveCfg = Debug|Any CPU
		{6C51A570-E740-427E-BFCD-271488EB36A4}.Debug|Any CPU.Build.0 = Debug|Any CPU
		{6C51A570-E740-427E-BFCD-271488EB36A4}.Release|Any CPU.ActiveCfg = Release|Any CPU
		{6C51A570-E740-427E-BFCD-271488EB36A4}.Release|Any CPU.Build.0 = Release|Any CPU
		{9315132E-F000-41DF-8EA4-4A38F6F0B634}.Debug|Any CPU.ActiveCfg = Debug|Any CPU
		{9315132E-F000-41DF-8EA4-4A38F6F0B634}.Debug|Any CPU.Build.0 = Debug|Any CPU
		{9315132E-F000-41DF-8EA4-4A38F6F0B634}.Release|Any CPU.ActiveCfg = Release|Any CPU
		{9315132E-F000-41DF-8EA4-4A38F6F0B634}.Release|Any CPU.Build.0 = Release|Any CPU
		{C3E666DF-40B1-4354-9A91-9FD60B3E4CBA}.Debug|Any CPU.ActiveCfg = Debug|Any CPU
		{C3E666DF-40B1-4354-9A91-9FD60B3E4CBA}.Debug|Any CPU.Build.0 = Debug|Any CPU
		{C3E666DF-40B1-4354-9A91-9FD60B3E4CBA}.Release|Any CPU.ActiveCfg = Release|Any CPU
		{C3E666DF-40B1-4354-9A91-9FD60B3E4CBA}.Release|Any CPU.Build.0 = Release|Any CPU
		{BD28F6D2-A960-4BC2-A8B9-D9AABDAA5E9A}.Debug|Any CPU.ActiveCfg = Debug|Any CPU
		{BD28F6D2-A960-4BC2-A8B9-D9AABDAA5E9A}.Debug|Any CPU.Build.0 = Debug|Any CPU
		{BD28F6D2-A960-4BC2-A8B9-D9AABDAA5E9A}.Release|Any CPU.ActiveCfg = Release|Any CPU
		{BD28F6D2-A960-4BC2-A8B9-D9AABDAA5E9A}.Release|Any CPU.Build.0 = Release|Any CPU
	EndGlobalSection
	GlobalSection(SolutionProperties) = preSolution
		HideSolutionNode = FALSE
	EndGlobalSection
	GlobalSection(NestedProjects) = preSolution
		{DBC4C710-8E0C-4784-A2B1-B39A79672FEA} = {B0DFF5B5-3DAF-46F1-84B6-856462F9494E}
		{44A2B440-727A-4885-A34B-CB42AD8BE739} = {B0DFF5B5-3DAF-46F1-84B6-856462F9494E}
		{5114619F-397F-416B-8C65-1A62D4C9ADF6} = {B0DFF5B5-3DAF-46F1-84B6-856462F9494E}
		{8DBE7D97-01BB-4988-BD6C-F2E4D4ADF814} = {B0DFF5B5-3DAF-46F1-84B6-856462F9494E}
		{B7B3CAF3-6A0D-47F1-BCE9-A3885BEAA7D3} = {B0DFF5B5-3DAF-46F1-84B6-856462F9494E}
		{E92FB79C-D94F-411A-967D-D1B80706E0B3} = {124C1CCD-AADC-4046-9177-04F03DAB1003}
		{E5BF34F1-1A48-45D1-B06E-131DF5D8106F} = {124C1CCD-AADC-4046-9177-04F03DAB1003}
		{AA56BB00-E541-4003-978E-CBAC8D4C6326} = {124C1CCD-AADC-4046-9177-04F03DAB1003}
		{60BD1AA5-1E7B-4D1F-A581-DC94E1D5B8C5} = {124C1CCD-AADC-4046-9177-04F03DAB1003}
		{8967A730-8093-4897-9AE3-D7ECC05C541D} = {124C1CCD-AADC-4046-9177-04F03DAB1003}
		{2D635F31-AA14-47C9-8FBE-7BC187CB9DDF} = {E9988974-1052-4FD4-A152-E4BCD34DFE3B}
		{1DA1B0EA-5103-418E-8807-4FCB31579489} = {E9988974-1052-4FD4-A152-E4BCD34DFE3B}
		{66CE09F9-608E-4B09-981B-D34EBA4AB9DB} = {E9988974-1052-4FD4-A152-E4BCD34DFE3B}
		{36D63435-8CD0-4739-B075-31BB6B0C8D28} = {E9988974-1052-4FD4-A152-E4BCD34DFE3B}
		{EAD255F1-5493-4B3C-A3AB-8CE44BC51316} = {38331D39-6F3B-4C59-8523-10161A96066C}
		{6C51A570-E740-427E-BFCD-271488EB36A4} = {38331D39-6F3B-4C59-8523-10161A96066C}
		{9315132E-F000-41DF-8EA4-4A38F6F0B634} = {38331D39-6F3B-4C59-8523-10161A96066C}
		{C3E666DF-40B1-4354-9A91-9FD60B3E4CBA} = {38331D39-6F3B-4C59-8523-10161A96066C}
		{BD28F6D2-A960-4BC2-A8B9-D9AABDAA5E9A} = {F419264E-1367-419B-A256-020FBF3CA4AF}
	EndGlobalSection
	GlobalSection(ExtensibilityGlobals) = postSolution
		SolutionGuid = {73EDFE9D-48F5-4CDA-9F72-FBE8201017D0}
	EndGlobalSection
EndGlobal
